
Microsoft Visual Studio Solution File, Format Version 12.00
# Visual Studio Version 16
VisualStudioVersion = 16.0.29306.81
MinimumVisualStudioVersion = 10.0.40219.1
Project("{FAE04EC0-301F-11D3-BF4B-00C04F79EFBC}") = "XUnitTestProject1", "XUnitTestProject1\XUnitTestProject1.csproj", "{0049E0B3-B4DA-4014-A320-D36745B3093F}"
EndProject
Global
	GlobalSection(SolutionConfigurationPlatforms) = preSolution
		Debug|Any CPU = Debug|Any CPU
		Release|Any CPU = Release|Any CPU
	EndGlobalSection
	GlobalSection(ProjectConfigurationPlatforms) = postSolution
		{0049E0B3-B4DA-4014-A320-D36745B3093F}.Debug|Any CPU.ActiveCfg = Debug|Any CPU
		{0049E0B3-B4DA-4014-A320-D36745B3093F}.Debug|Any CPU.Build.0 = Debug|Any CPU
		{0049E0B3-B4DA-4014-A320-D36745B3093F}.Release|Any CPU.ActiveCfg = Release|Any CPU
		{0049E0B3-B4DA-4014-A320-D36745B3093F}.Release|Any CPU.Build.0 = Release|Any CPU
	EndGlobalSection
	GlobalSection(SolutionProperties) = preSolution
		HideSolutionNode = FALSE
	EndGlobalSection
	GlobalSection(ExtensibilityGlobals) = postSolution
		SolutionGuid = {B07172AF-6DB6-4BBB-871A-1E63E057430A}
	EndGlobalSection
EndGlobal
